{
  "name": "RSD-as-a-service",
  "lockfileVersion": 3,
  "requires": true,
  "packages": {
    "": {
      "devDependencies": {
        "prettier": "3.8.3",
        "prettier-plugin-java": "2.9.7"
      }
    },
    "node_modules/prettier": {
      "version": "3.8.3",
      "resolved": "https://registry.npmjs.org/prettier/-/prettier-3.8.3.tgz",
      "integrity": "sha512-7igPTM53cGHMW8xWuVTydi2KO233VFiTNyF5hLJqpilHfmn8C8gPf+PS7dUT64YcXFbiMGZxS9pCSxL/Dxm/Jw==",
      "dev": true,
      "license": "MIT",
      "bin": {
        "prettier": "bin/prettier.cjs"
      },
      "engines": {
        "node": ">=14"
      },
      "funding": {
        "url": "https://github.com/prettier/prettier?sponsor=1"
      }
    },
    "node_modules/prettier-plugin-java": {
      "version": "2.9.7",
      "resolved": "https://registry.npmjs.org/prettier-plugin-java/-/prettier-plugin-java-2.9.7.tgz",
      "integrity": "sha512-5ifIseGcpuBizlGw9bUZPoyRPj8c9TV2g2jfO+70Dt92ZH5XG39iXZ4qyGTXN7OTdEprqJjHYQ8UWZcfDc4P9Q==",
      "dev": true,
      "license": "Apache-2.0",
      "dependencies": {
        "web-tree-sitter": "0.26.9"
      },
      "peerDependencies": {
        "prettier": "^3.0.0"
      }
    },
    "node_modules/web-tree-sitter": {
      "version": "0.26.9",
      "resolved": "https://registry.npmjs.org/web-tree-sitter/-/web-tree-sitter-0.26.9.tgz",
      "integrity": "sha512-YJwSHANl6XFgeEjB8nitgj0qZYt5gkIesJ4w2srS2wcLB4GUa4xcOkM0YaMsU6WNR53YVIkDSY7Ej4pf3IXtCA==",
      "dev": true,
      "license": "MIT"
    }
  }
}
